
Microsoft Visual Studio Solution File, Format Version 12.00
# Visual Studio Version 17
VisualStudioVersion = 17.13.35825.156 d17.13
MinimumVisualStudioVersion = 10.0.40219.1
Project("{8BC9CEB8-8B4A-11D0-8D11-00A0C91BC942}") = "ex250331", "ex250331\ex250331.vcxproj", "{EB2E5C42-D01A-4D4C-ACE1-BEFE5AD88110}"
EndProject
Global
	GlobalSection(SolutionConfigurationPlatforms) = preSolution
		Debug|x64 = Debug|x64
		Debug|x86 = Debug|x86
		Release|x64 = Release|x64
		Release|x86 = Release|x86
	EndGlobalSection
	GlobalSection(ProjectConfigurationPlatforms) = postSolution
		{EB2E5C42-D01A-4D4C-ACE1-BEFE5AD88110}.Debug|x64.ActiveCfg = Debug|x64
		{EB2E5C42-D01A-4D4C-ACE1-BEFE5AD88110}.Debug|x64.Build.0 = Debug|x64
		{EB2E5C42-D01A-4D4C-ACE1-BEFE5AD88110}.Debug|x86.ActiveCfg = Debug|Win32
		{EB2E5C42-D01A-4D4C-ACE1-BEFE5AD88110}.Debug|x86.Build.0 = Debug|Win32
		{EB2E5C42-D01A-4D4C-ACE1-BEFE5AD88110}.Release|x64.ActiveCfg = Release|x64
		{EB2E5C42-D01A-4D4C-ACE1-BEFE5AD88110}.Release|x64.Build.0 = Release|x64
		{EB2E5C42-D01A-4D4C-ACE1-BEFE5AD88110}.Release|x86.ActiveCfg = Release|Win32
		{EB2E5C42-D01A-4D4C-ACE1-BEFE5AD88110}.Release|x86.Build.0 = Release|Win32
	EndGlobalSection
	GlobalSection(SolutionProperties) = preSolution
		HideSolutionNode = FALSE
	EndGlobalSection
	GlobalSection(ExtensibilityGlobals) = postSolution
		SolutionGuid = {BD71CD97-ABCA-4193-8FD5-3CB2DE49C4E7}
	EndGlobalSection
EndGlobal
